# This file is automatically @generated by Cargo.
# It is not intended for manual editing.
version = 4

[[package]]
name = "pns-protocol"
version = "0.1.0"

[[package]]
name = "posture-adapters"
version = "0.1.0"
dependencies = [
 "pns-protocol",
 "posture-application",
 "posture-domain",
]

[[package]]
name = "posture-application"
version = "0.1.0"
dependencies = [
 "posture-domain",
]

[[package]]
name = "posture-cli"
version = "0.1.0"
dependencies = [
 "posture-adapters",
 "posture-application",
 "posture-domain",
]

[[package]]
name = "posture-domain"
version = "0.1.0"
