# This file is automatically @generated by Cargo.
# It is not intended for manual editing.
version = 4

[[package]]
name = "tailnet-pin"
version = "0.1.0"
dependencies = [
 "tailnet-pin-adapters",
 "tailnet-pin-application",
 "tailnet-pin-domain",
]

[[package]]
name = "tailnet-pin-adapters"
version = "0.1.0"
dependencies = [
 "tailnet-pin-application",
]

[[package]]
name = "tailnet-pin-application"
version = "0.1.0"
dependencies = [
 "tailnet-pin-domain",
 "tailnet-pin-protocol",
]

[[package]]
name = "tailnet-pin-domain"
version = "0.1.0"

[[package]]
name = "tailnet-pin-protocol"
version = "0.1.0"
